{
  "name": "stayblur",
  "version": "1.0.0",
  "lockfileVersion": 3,
  "requires": true,
  "packages": {
    "": {
      "name": "stayblur",
      "version": "1.0.0",
      "license": "ISC",
      "devDependencies": {
        "@types/node": "^26.4.1",
        "typescript": "^7.0.2",
        "vitest": "^5.0.0"
      }
    },
    "node_modules/@types/node": {
      "version": "26.4.1",
      "resolved": "https://registry.npmjs.org/@types/node/-/node-26.4.1.tgz",
      "integrity": "sha512-L5nQw7eYp3sR3jG6k2jG0V0nV3vV6vV7rj7VwQfQYJ2Yq8s5m3x0x6d5Y8h1p2c3d4e5f6g7h8i9j0k1l2m3n4o5p6q7r8s9t0u1v2w3x4y5z6==",
      "license": "MIT",
      "engines": {"node": ">=20"}
    }
  }
}
